
Microsoft Visual Studio Solution File, Format Version 12.00
# Visual Studio 15
VisualStudioVersion = 15.0.26730.15
MinimumVisualStudioVersion = 10.0.40219.1
Project("{FAE04EC0-301F-11D3-BF4B-00C04F79EFBC}") = "RazorPagesMovie", "RazorPagesMovie\RazorPagesMovie.csproj", "{8FC02FBE-1F5E-4674-8DC1-7A82913561B5}"
EndProject
Global
	GlobalSection(SolutionConfigurationPlatforms) = preSolution
		Debug|Any CPU = Debug|Any CPU
		Release|Any CPU = Release|Any CPU
	EndGlobalSection
	GlobalSection(ProjectConfigurationPlatforms) = postSolution
		{8FC02FBE-1F5E-4674-8DC1-7A82913561B5}.Debug|Any CPU.ActiveCfg = Debug|Any CPU
		{8FC02FBE-1F5E-4674-8DC1-7A82913561B5}.Debug|Any CPU.Build.0 = Debug|Any CPU
		{8FC02FBE-1F5E-4674-8DC1-7A82913561B5}.Release|Any CPU.ActiveCfg = Release|Any CPU
		{8FC02FBE-1F5E-4674-8DC1-7A82913561B5}.Release|Any CPU.Build.0 = Release|Any CPU
	EndGlobalSection
	GlobalSection(SolutionProperties) = preSolution
		HideSolutionNode = FALSE
	EndGlobalSection
	GlobalSection(ExtensibilityGlobals) = postSolution
		SolutionGuid = {B2F060BB-D6D7-4ED6-85F8-CDFA06B178E5}
	EndGlobalSection
EndGlobal
